
Microsoft Visual Studio Solution File, Format Version 12.00
# Visual Studio Version 17
VisualStudioVersion = 17.14.36616.10 d17.14
MinimumVisualStudioVersion = 10.0.40219.1
Project("{FAE04EC0-301F-11D3-BF4B-00C04F79EFBC}") = "OutOfTheBox", "OutOfTheBox\OutOfTheBox.csproj", "{D297966F-204A-468A-ADB0-31688774F3F8}"
EndProject
Global
	GlobalSection(SolutionConfigurationPlatforms) = preSolution
		Debug|Any CPU = Debug|Any CPU
		Release|Any CPU = Release|Any CPU
	EndGlobalSection
	GlobalSection(ProjectConfigurationPlatforms) = postSolution
		{D297966F-204A-468A-ADB0-31688774F3F8}.Debug|Any CPU.ActiveCfg = Debug|Any CPU
		{D297966F-204A-468A-ADB0-31688774F3F8}.Debug|Any CPU.Build.0 = Debug|Any CPU
		{D297966F-204A-468A-ADB0-31688774F3F8}.Debug|Any CPU.Deploy.0 = Debug|Any CPU
		{D297966F-204A-468A-ADB0-31688774F3F8}.Release|Any CPU.ActiveCfg = Release|Any CPU
		{D297966F-204A-468A-ADB0-31688774F3F8}.Release|Any CPU.Build.0 = Release|Any CPU
		{D297966F-204A-468A-ADB0-31688774F3F8}.Release|Any CPU.Deploy.0 = Release|Any CPU
	EndGlobalSection
	GlobalSection(SolutionProperties) = preSolution
		HideSolutionNode = FALSE
	EndGlobalSection
	GlobalSection(ExtensibilityGlobals) = postSolution
		SolutionGuid = {848C05F3-E564-454E-8B39-DD08C2732E19}
	EndGlobalSection
EndGlobal
